# This file is automatically generated by Poetry and should not be changed by hand.
# Replit will automatically manage dependencies

[[package]]
name = "discord.py"
version = "2.3.2"
description = "A Python wrapper for the Discord API"

[[package]]
name = "python-dotenv"
version = "1.0.0"
description = "Read key-value pairs from a .env file and set them as environment variables"

[[package]]
name = "aiohttp"
version = "3.8.6"
description = "Async http client/server framework (asyncio)"

[metadata]
lock-version = "2.0"
python-versions = "^3.10"
content-hash = "fake-hash-for-replit"
